schema: '2.0'
stages:
  prepare:
    cmd: echo "Verificando que los datos existen..."
    deps:
    - path: data/iris_dataset.csv
      hash: md5
      md5: 21d441a28bce4417276097df955afc50
      size: 2928
  train:
    cmd: python train.py --n_estimators 200
    deps:
    - path: data/iris_dataset.csv
      hash: md5
      md5: 21d441a28bce4417276097df955afc50
      size: 2928
    - path: requirements.txt
      hash: md5
      md5: b3c1dddce2b0e70f02dd0e097b2a4cd7
      size: 92
    - path: train.py
      hash: md5
      md5: 913de3c590296dd097c6a142efc5d48c
      size: 3135
    params:
      params.yaml:
        train.n_estimators: 200
    outs:
    - path: confusion_matrix.png
      hash: md5
      md5: e0d5d826f11ab1544400643469cb5276
      size: 20690
    - path: mlflow_metrics.json
      hash: md5
      md5: 9a0379eaa11dd7b9e9995a62a5f21656
      size: 17
    - path: model.pkl
      hash: md5
      md5: f3544cb7861f5b46b77520d9c8da8efa
      size: 370065
